PODS:
  - Differentiator (4.0.1)
  - II18N (0.1.1)
  - IIBLL (0.3.14):
    - IIBLL/BeeHive (= 0.3.14)
    - IIBLL/IBLL (= 0.3.14)
  - IIBLL/BeeHive (0.3.14)
  - IIBLL/IBLL (0.3.14):
    - IIBLL/BeeHive
  - IISecurity (0.5.3):
    - IIBLL
    - IISecurity/DeviceSafeTool (= 0.5.3)
    - IISecurity/Exchange (= 0.5.3)
    - IISecurity/IISecurity (= 0.5.3)
    - IISwiftBaseUti
    - OpenSSL-Universal (= 1.0.2.17)
  - IISecurity/DeviceSafeTool (0.5.3):
    - IIBLL
    - IISwiftBaseUti
    - OpenSSL-Universal (= 1.0.2.17)
  - IISecurity/Exchange (0.5.3):
    - IIBLL
    - IISwiftBaseUti
    - OpenSSL-Universal (= 1.0.2.17)
  - IISecurity/IISecurity (0.5.3):
    - IIBLL
    - IISwiftBaseUti
    - OpenSSL-Universal (= 1.0.2.17)
  - IISwiftBaseUti (1.4.0):
    - II18N
    - IISwiftBaseUti/IIAspects (= 1.4.0)
    - IISwiftBaseUti/IIBaseUti (= 1.4.0)
    - IISwiftBaseUti/IICacheStorage (= 1.4.0)
    - IISwiftBaseUti/IIComponent (= 1.4.0)
    - IISwiftBaseUti/IICoreExtension (= 1.4.0)
    - IISwiftBaseUti/IIHardWareAuthRequest (= 1.4.0)
    - IISwiftBaseUti/IIRecognition (= 1.4.0)
    - IISwiftBaseUti/IISearchBar (= 1.4.0)
    - IISwiftBaseUti/YYCache (= 1.4.0)
    - RxCocoa
    - RxDataSources
    - RxSwift
    - SnapKit (~> 4.2.0)
  - IISwiftBaseUti/IIAspects (1.4.0):
    - II18N
    - RxCocoa
    - RxDataSources
    - RxSwift
    - SnapKit (~> 4.2.0)
  - IISwiftBaseUti/IIBaseUti (1.4.0):
    - II18N
    - RxCocoa
    - RxDataSources
    - RxSwift
    - SnapKit (~> 4.2.0)
  - IISwiftBaseUti/IICacheStorage (1.4.0):
    - II18N
    - IISwiftBaseUti/YYCache
    - RxCocoa
    - RxDataSources
    - RxSwift
    - SnapKit (~> 4.2.0)
  - IISwiftBaseUti/IIComponent (1.4.0):
    - II18N
    - RxCocoa
    - RxDataSources
    - RxSwift
    - SnapKit (~> 4.2.0)
  - IISwiftBaseUti/IICoreExtension (1.4.0):
    - II18N
    - RxCocoa
    - RxDataSources
    - RxSwift
    - SnapKit (~> 4.2.0)
  - IISwiftBaseUti/IIHardWareAuthRequest (1.4.0):
    - II18N
    - IISwiftBaseUti/IIBaseUti
    - RxCocoa
    - RxDataSources
    - RxSwift
    - SnapKit (~> 4.2.0)
  - IISwiftBaseUti/IIRecognition (1.4.0):
    - II18N
    - IISwiftBaseUti/IICoreExtension
    - RxCocoa
    - RxDataSources
    - RxSwift
    - SnapKit (~> 4.2.0)
  - IISwiftBaseUti/IISearchBar (1.4.0):
    - II18N
    - RxCocoa
    - RxDataSources
    - RxSwift
    - SnapKit (~> 4.2.0)
  - IISwiftBaseUti/YYCache (1.4.0):
    - II18N
    - RxCocoa
    - RxDataSources
    - RxSwift
    - SnapKit (~> 4.2.0)
  - OpenSSL-Universal (1.0.2.17)
  - RxCocoa (5.0.0):
    - RxRelay (~> 5)
    - RxSwift (~> 5)
  - RxDataSources (4.0.1):
    - Differentiator (~> 4.0)
    - RxCocoa (~> 5.0)
    - RxSwift (~> 5.0)
  - RxRelay (5.0.0):
    - RxSwift (~> 5)
  - RxSwift (5.0.0)
  - SnapKit (4.2.0)

DEPENDENCIES:
  - IISecurity (from `../`)

SPEC REPOS:
  https://github.com/cocoapods/specs.git:
    - Differentiator
    - II18N
    - IIBLL
    - IISwiftBaseUti
    - OpenSSL-Universal
    - RxCocoa
    - RxDataSources
    - RxRelay
    - RxSwift
    - SnapKit

EXTERNAL SOURCES:
  IISecurity:
    :path: "../"

SPEC CHECKSUMS:
  Differentiator: 886080237d9f87f322641dedbc5be257061b0602
  II18N: b6992588fac0d609c38625376499ac5100f7f95f
  IIBLL: ab5f668ca71349f49fccaa2e6efd06bbb4f07167
  IISecurity: 20de420b98988b5e9fbff957631f577cec7fca00
  IISwiftBaseUti: 3e594f2fcb268c77a9983f8391788c8ebfb42f58
  OpenSSL-Universal: ff04c2e6befc3f1247ae039e60c93f76345b3b5a
  RxCocoa: fcf32050ac00d801f34a7f71d5e8e7f23026dcd8
  RxDataSources: efee07fa4de48477eca0a4611e6d11e2da9c1114
  RxRelay: 4f7409406a51a55cd88483f21ed898c234d60f18
  RxSwift: 8b0671caa829a763bbce7271095859121cbd895f
  SnapKit: fe8a619752f3f27075cc9a90244d75c6c3f27e2a

PODFILE CHECKSUM: aa0435ece83f620466b5621a74384fca5172ee79

COCOAPODS: 1.7.1
