PODS:
  - IIBLL (0.2.0):
    - IIBLL/BeeHive (= 0.2.0)
    - IIBLL/IBLL (= 0.2.0)
  - IIBLL/BeeHive (0.2.0)
  - IIBLL/IBLL (0.2.0):
    - IIBLL/BeeHive
  - III18N (0.8.0)
  - IISecurity (0.2.0):
    - IIBLL
    - IISwiftBaseUti
  - IISwiftBaseUti (1.3.3):
    - III18N
    - IISwiftBaseUti/IIAspects (= 1.3.3)
    - IISwiftBaseUti/IIBaseUti (= 1.3.3)
    - IISwiftBaseUti/IICacheStorage (= 1.3.3)
    - IISwiftBaseUti/IIComponent (= 1.3.3)
    - IISwiftBaseUti/IICoreExtension (= 1.3.3)
    - IISwiftBaseUti/IIHardWareAuthRequest (= 1.3.3)
    - IISwiftBaseUti/IIRecognition (= 1.3.3)
    - IISwiftBaseUti/YYCache (= 1.3.3)
    - SnapKit (~> 4.2.0)
  - IISwiftBaseUti/IIAspects (1.3.3):
    - III18N
    - SnapKit (~> 4.2.0)
  - IISwiftBaseUti/IIBaseUti (1.3.3):
    - III18N
    - SnapKit (~> 4.2.0)
  - IISwiftBaseUti/IICacheStorage (1.3.3):
    - III18N
    - IISwiftBaseUti/YYCache
    - SnapKit (~> 4.2.0)
  - IISwiftBaseUti/IIComponent (1.3.3):
    - III18N
    - SnapKit (~> 4.2.0)
  - IISwiftBaseUti/IICoreExtension (1.3.3):
    - III18N
    - SnapKit (~> 4.2.0)
  - IISwiftBaseUti/IIHardWareAuthRequest (1.3.3):
    - III18N
    - IISwiftBaseUti/IIBaseUti
    - SnapKit (~> 4.2.0)
  - IISwiftBaseUti/IIRecognition (1.3.3):
    - III18N
    - IISwiftBaseUti/IICoreExtension
    - SnapKit (~> 4.2.0)
  - IISwiftBaseUti/YYCache (1.3.3):
    - III18N
    - SnapKit (~> 4.2.0)
  - SnapKit (4.2.0)

DEPENDENCIES:
  - IISecurity (from `../`)

SPEC REPOS:
  https://github.com/cocoapods/specs.git:
    - IIBLL
    - III18N
    - IISwiftBaseUti
    - SnapKit

EXTERNAL SOURCES:
  IISecurity:
    :path: "../"

SPEC CHECKSUMS:
  IIBLL: 875c2c2c118c7d0e3850f3b08dc2ac0a6194cf16
  III18N: 89145d37dfb9153c1f6a4243657d07dd8033dc1b
  IISecurity: 21d07ed4218f519862b95869b47d0e025ea5b90a
  IISwiftBaseUti: d1e6d3084fa5e7348ccdea9dc8e83edc9a0a8299
  SnapKit: fe8a619752f3f27075cc9a90244d75c6c3f27e2a

PODFILE CHECKSUM: d3373438e193453eaa89f6b9985c42e988b63559

COCOAPODS: 1.6.1
